
Microsoft Visual Studio Solution File, Format Version 12.00
# Visual Studio 15
VisualStudioVersion = 15.0.28010.2041
MinimumVisualStudioVersion = 10.0.40219.1
Project("{FAE04EC0-301F-11D3-BF4B-00C04F79EFBC}") = "PTS", "PTS\PTS.csproj", "{3C14C87D-C72F-482B-ACAE-F99F16FC68DE}"
EndProject
Global
	GlobalSection(SolutionConfigurationPlatforms) = preSolution
		Debug|x86 = Debug|x86
		Release|x86 = Release|x86
	EndGlobalSection
	GlobalSection(ProjectConfigurationPlatforms) = postSolution
		{3C14C87D-C72F-482B-ACAE-F99F16FC68DE}.Debug|x86.ActiveCfg = Debug|x86
		{3C14C87D-C72F-482B-ACAE-F99F16FC68DE}.Debug|x86.Build.0 = Debug|x86
		{3C14C87D-C72F-482B-ACAE-F99F16FC68DE}.Release|x86.ActiveCfg = Release|x86
		{3C14C87D-C72F-482B-ACAE-F99F16FC68DE}.Release|x86.Build.0 = Release|x86
	EndGlobalSection
	GlobalSection(SolutionProperties) = preSolution
		HideSolutionNode = FALSE
	EndGlobalSection
	GlobalSection(ExtensibilityGlobals) = postSolution
		SolutionGuid = {8BA109CD-657D-44B4-B475-993F85F1FE4D}
	EndGlobalSection
EndGlobal
